# This file is automatically @generated by Cargo.
# It is not intended for manual editing.
[[package]]
name = "futures"
version = "0.3.7"
source = "registry+https://github.com/rust-lang/crates.io-index"
checksum = "95314d38584ffbfda215621d723e0a3906f032e03ae5551e650058dac83d4797"
dependencies = [
 "futures-channel",
 "futures-core",
 "futures-executor",
 "futures-io",
 "futures-sink",
 "futures-task",
 "futures-util",
]

[[package]]
name = "futures-channel"
version = "0.3.7"
source = "registry+https://github.com/rust-lang/crates.io-index"
checksum = "0448174b01148032eed37ac4aed28963aaaa8cfa93569a08e5b479bbc6c2c151"
dependencies = [
 "futures-core",
 "futures-sink",
]

[[package]]
name = "futures-core"
version = "0.3.7"
source = "registry+https://github.com/rust-lang/crates.io-index"
checksum = "18eaa56102984bed2c88ea39026cff3ce3b4c7f508ca970cedf2450ea10d4e46"

[[package]]
name = "futures-executor"
version = "0.3.7"
source = "registry+https://github.com/rust-lang/crates.io-index"
checksum = "f5f8e0c9258abaea85e78ebdda17ef9666d390e987f006be6080dfe354b708cb"
dependencies = [
 "futures-core",
 "futures-task",
 "futures-util",
]

[[package]]
name = "futures-io"
version = "0.3.7"
source = "registry+https://github.com/rust-lang/crates.io-index"
checksum = "6e1798854a4727ff944a7b12aa999f58ce7aa81db80d2dfaaf2ba06f065ddd2b"

[[package]]
name = "futures-macro"
version = "0.3.7"
source = "registry+https://github.com/rust-lang/crates.io-index"
checksum = "e36fccf3fc58563b4a14d265027c627c3b665d7fed489427e88e7cc929559efe"
dependencies = [
 "proc-macro-hack",
 "proc-macro2",
 "quote",
 "syn",
]

[[package]]
name = "futures-sink"
version = "0.3.7"
source = "registry+https://github.com/rust-lang/crates.io-index"
checksum = "0e3ca3f17d6e8804ae5d3df7a7d35b2b3a6fe89dac84b31872720fc3060a0b11"

[[package]]
name = "futures-task"
version = "0.3.7"
source = "registry+https://github.com/rust-lang/crates.io-index"
checksum = "96d502af37186c4fef99453df03e374683f8a1eec9dcc1e66b3b82dc8278ce3c"
dependencies = [
 "once_cell",
]

[[package]]
name = "futures-util"
version = "0.3.7"
source = "registry+https://github.com/rust-lang/crates.io-index"
checksum = "abcb44342f62e6f3e8ac427b8aa815f724fd705dfad060b18ac7866c15bb8e34"
dependencies = [
 "futures-channel",
 "futures-core",
 "futures-io",
 "futures-macro",
 "futures-sink",
 "futures-task",
 "memchr",
 "pin-project",
 "pin-utils",
 "proc-macro-hack",
 "proc-macro-nested",
 "slab",
]

[[package]]
name = "memchr"
version = "2.3.3"
source = "registry+https://github.com/rust-lang/crates.io-index"
checksum = "3728d817d99e5ac407411fa471ff9800a778d88a24685968b36824eaf4bee400"

[[package]]
name = "once_cell"
version = "1.4.1"
source = "registry+https://github.com/rust-lang/crates.io-index"
checksum = "260e51e7efe62b592207e9e13a68e43692a7a279171d6ba57abd208bf23645ad"

[[package]]
name = "pin-project"
version = "1.0.1"
source = "registry+https://github.com/rust-lang/crates.io-index"
checksum = "ee41d838744f60d959d7074e3afb6b35c7456d0f61cad38a24e35e6553f73841"
dependencies = [
 "pin-project-internal",
]

[[package]]
name = "pin-project-internal"
version = "1.0.1"
source = "registry+https://github.com/rust-lang/crates.io-index"
checksum = "81a4ffa594b66bff340084d4081df649a7dc049ac8d7fc458d8e628bfbbb2f86"
dependencies = [
 "proc-macro2",
 "quote",
 "syn",
]

[[package]]
name = "pin-utils"
version = "0.1.0"
source = "registry+https://github.com/rust-lang/crates.io-index"
checksum = "8b870d8c151b6f2fb93e84a13146138f05d02ed11c7e7c54f8826aaaf7c9f184"

[[package]]
name = "proc-macro-hack"
version = "0.5.18"
source = "registry+https://github.com/rust-lang/crates.io-index"
checksum = "99c605b9a0adc77b7211c6b1f722dcb613d68d66859a44f3d485a6da332b0598"

[[package]]
name = "proc-macro-nested"
version = "0.1.6"
source = "registry+https://github.com/rust-lang/crates.io-index"
checksum = "eba180dafb9038b050a4c280019bbedf9f2467b61e5d892dcad585bb57aadc5a"

[[package]]
name = "proc-macro2"
version = "1.0.24"
source = "registry+https://github.com/rust-lang/crates.io-index"
checksum = "1e0704ee1a7e00d7bb417d0770ea303c1bccbabf0ef1667dae92b5967f5f8a71"
dependencies = [
 "unicode-xid",
]

[[package]]
name = "quote"
version = "1.0.7"
source = "registry+https://github.com/rust-lang/crates.io-index"
checksum = "aa563d17ecb180e500da1cfd2b028310ac758de548efdd203e18f283af693f37"
dependencies = [
 "proc-macro2",
]

[[package]]
name = "rich_tasks"
version = "0.1.0"
dependencies = [
 "futures",
]

[[package]]
name = "slab"
version = "0.4.2"
source = "registry+https://github.com/rust-lang/crates.io-index"
checksum = "c111b5bd5695e56cffe5129854aa230b39c93a305372fdbb2668ca2394eea9f8"

[[package]]
name = "syn"
version = "1.0.46"
source = "registry+https://github.com/rust-lang/crates.io-index"
checksum = "5ad5de3220ea04da322618ded2c42233d02baca219d6f160a3e9c87cda16c942"
dependencies = [
 "proc-macro2",
 "quote",
 "unicode-xid",
]

[[package]]
name = "unicode-xid"
version = "0.2.1"
source = "registry+https://github.com/rust-lang/crates.io-index"
checksum = "f7fe0bb3479651439c9112f72b6c505038574c9fbb575ed1bf3b797fa39dd564"
